
Microsoft Visual Studio Solution File, Format Version 12.00
# Visual Studio 15
VisualStudioVersion = 15.0.27130.2027
MinimumVisualStudioVersion = 10.0.40219.1
Project("{FAE04EC0-301F-11D3-BF4B-00C04F79EFBC}") = "ExceptionTest", "ExceptionTest\ExceptionTest.csproj", "{E3DEBECB-B12F-4299-8DF8-7D767F4AA1BA}"
EndProject
Global
	GlobalSection(SolutionConfigurationPlatforms) = preSolution
		Debug|Any CPU = Debug|Any CPU
		Release|Any CPU = Release|Any CPU
	EndGlobalSection
	GlobalSection(ProjectConfigurationPlatforms) = postSolution
		{E3DEBECB-B12F-4299-8DF8-7D767F4AA1BA}.Debug|Any CPU.ActiveCfg = Debug|Any CPU
		{E3DEBECB-B12F-4299-8DF8-7D767F4AA1BA}.Debug|Any CPU.Build.0 = Debug|Any CPU
		{E3DEBECB-B12F-4299-8DF8-7D767F4AA1BA}.Release|Any CPU.ActiveCfg = Release|Any CPU
		{E3DEBECB-B12F-4299-8DF8-7D767F4AA1BA}.Release|Any CPU.Build.0 = Release|Any CPU
	EndGlobalSection
	GlobalSection(SolutionProperties) = preSolution
		HideSolutionNode = FALSE
	EndGlobalSection
	GlobalSection(ExtensibilityGlobals) = postSolution
		SolutionGuid = {BB87AE59-22E5-426C-AF95-BD897E6149B2}
	EndGlobalSection
EndGlobal
